
Microsoft Visual Studio Solution File, Format Version 12.00
# Visual Studio Version 17
VisualStudioVersion = 17.14.36414.22 d17.14
MinimumVisualStudioVersion = 10.0.40219.1
Project("{FAE04EC0-301F-11D3-BF4B-00C04F79EFBC}") = "TodoAPI", "TodoAPI\TodoAPI.csproj", "{67873F6D-A993-4C20-817C-3F398EE67BEB}"
EndProject
Global
	GlobalSection(SolutionConfigurationPlatforms) = preSolution
		Debug|Any CPU = Debug|Any CPU
		Release|Any CPU = Release|Any CPU
	EndGlobalSection
	GlobalSection(ProjectConfigurationPlatforms) = postSolution
		{67873F6D-A993-4C20-817C-3F398EE67BEB}.Debug|Any CPU.ActiveCfg = Debug|Any CPU
		{67873F6D-A993-4C20-817C-3F398EE67BEB}.Debug|Any CPU.Build.0 = Debug|Any CPU
		{67873F6D-A993-4C20-817C-3F398EE67BEB}.Release|Any CPU.ActiveCfg = Release|Any CPU
		{67873F6D-A993-4C20-817C-3F398EE67BEB}.Release|Any CPU.Build.0 = Release|Any CPU
	EndGlobalSection
	GlobalSection(SolutionProperties) = preSolution
		HideSolutionNode = FALSE
	EndGlobalSection
	GlobalSection(ExtensibilityGlobals) = postSolution
		SolutionGuid = {14AE9727-7C85-45B7-A307-F8BFD84A5E5C}
	EndGlobalSection
EndGlobal
